NeoBundleLock vim-css3-syntax a54c1d6383c05db28a353be65a40ca9d79e3149e
NeoBundleLock tmuxline.vim 1e638ef6b2673130db123f25b1ae1160c5289bb8
NeoBundleLock neosnippet-snippets a54c1d6383c05db28a353be65a40ca9d79e3149e
NeoBundleLock molokai db8ce13b3737d3ddea8368498183d7c204a762eb
NeoBundleLock livestyle-vim a54c1d6383c05db28a353be65a40ca9d79e3149e
NeoBundleLock vim-coffee-script a54c1d6383c05db28a353be65a40ca9d79e3149e
NeoBundleLock emmet-vim 8b703a0a00a23a96477155099946714f6fdc2e63
NeoBundleLock vimproc a54c1d6383c05db28a353be65a40ca9d79e3149e
NeoBundleLock vim-blade 0f071a8d5a3b408cd509568a92aa25f84c15f0c7
NeoBundleLock CSScomb-for-Vim a54c1d6383c05db28a353be65a40ca9d79e3149e
NeoBundleLock nerdtree f8fd2ecce20f5005e6313ce57d6d2a209890c946
NeoBundleLock neosnippet.vim a54c1d6383c05db28a353be65a40ca9d79e3149e
NeoBundleLock vim-quickrun a54c1d6383c05db28a353be65a40ca9d79e3149e
NeoBundleLock neocomplcache 237442924ac366015e6e0a8a13a31ac37be0c696
NeoBundleLock neobundle.vim 4a3bb7fb323b62f571c22ff15139fe996dc60ac8
NeoBundleLock lightline.vim a54c1d6383c05db28a353be65a40ca9d79e3149e
NeoBundleLock scss-syntax.vim a54c1d6383c05db28a353be65a40ca9d79e3149e
